{
  "name": "Personal-Portfolio",
  "lockfileVersion": 3,
  "requires": true,
  "packages": {
    "": {
      "dependencies": {
        "@coreui/icons": "^3.0.1",
        "typed.js": "^2.0.132"
      }
    },
    "node_modules/@coreui/icons": {
      "version": "3.0.1",
      "resolved": "https://registry.npmjs.org/@coreui/icons/-/icons-3.0.1.tgz",
      "integrity": "sha512-u9UKEcRMyY9pa4jUoLij8pAR03g5g6TLWV33/Mx2ix8sffyi0eO4fLV8DSTQljDCw938zt7KYog5cVKEAJUxxg=="
    },
    "node_modules/typed.js": {
      "version": "2.0.132",
      "resolved": "https://registry.npmjs.org/typed.js/-/typed.js-2.0.132.tgz",
      "integrity": "sha512-6lWs7dqLtfvZZtNLUJte5RYkT0rj2ACOwkeWghxSnyChSu/ZHX2NlT1KHc2daqVx3073wLIJYlCL2aHcjWYCAQ=="
    }
  }
}
